lockfileVersion: '9.0'

settings:
  autoInstallPeers: true
  excludeLinksFromLockfile: false

importers:

  .: {}

  apps/rozie-store:
    dependencies:
      '@prototype/commerce-kernel':
        specifier: workspace:*
        version: link:../../packages/commerce-kernel

  packages/commerce-kernel: {}
